
Microsoft Visual Studio Solution File, Format Version 12.00
# Visual Studio Version 17
VisualStudioVersion = 17.7.34031.279
MinimumVisualStudioVersion = 10.0.40219.1
Project("{FAE04EC0-301F-11D3-BF4B-00C04F79EFBC}") = "hotel.domino", "hotel.domino\hotel.domino.csproj", "{DB47D132-3DC9-476C-9576-7C92A24F8227}"
EndProject
Project("{2150E333-8FDC-42A3-9474-1A3956D46DE8}") = "arquitectura", "arquitectura", "{B986B68D-9D71-4FDF-8CB5-51A341CD46F5}"
EndProject
Project("{FAE04EC0-301F-11D3-BF4B-00C04F79EFBC}") = "hotel.arquitectura", "hotel.arquitectura\hotel.arquitectura.csproj", "{A5805482-0A3A-4EC7-A118-A3F57A83D3F5}"
EndProject
Project("{2150E333-8FDC-42A3-9474-1A3956D46DE8}") = "api", "api", "{92807850-DD8B-4D5F-939B-A202BCB09A79}"
EndProject
Project("{FAE04EC0-301F-11D3-BF4B-00C04F79EFBC}") = "hotel.api", "hotel.api\hotel.api.csproj", "{1D288A7F-8242-46A9-8181-4783B8985E92}"
EndProject
Project("{2150E333-8FDC-42A3-9474-1A3956D46DE8}") = "web", "web", "{157F9B7D-2588-463A-9C2C-BE22D8534910}"
EndProject
Project("{FAE04EC0-301F-11D3-BF4B-00C04F79EFBC}") = "hotel.web", "hotel.web\hotel.web.csproj", "{3C8978C7-7D46-415B-AFF4-FA7C3B52566C}"
EndProject
Project("{2150E333-8FDC-42A3-9474-1A3956D46DE8}") = "Application", "Application", "{1FAB0B95-2BD1-4605-86D1-A2DFD0B78255}"
EndProject
Project("{FAE04EC0-301F-11D3-BF4B-00C04F79EFBC}") = "hotel.Application", "hotel.Application\hotel.Application.csproj", "{CA49D4FE-71CB-4100-BC5D-5FFFA08ED789}"
EndProject
Project("{2150E333-8FDC-42A3-9474-1A3956D46DE8}") = "loc", "loc", "{DF3E58C8-8FF0-4398-9AD2-B6050ADBFE7D}"
EndProject
Project("{FAE04EC0-301F-11D3-BF4B-00C04F79EFBC}") = "hotel.loc", "hotel.loc\hotel.loc.csproj", "{12AB969E-EA44-46A0-B3CE-F914327D55A4}"
EndProject
Global
	GlobalSection(SolutionConfigurationPlatforms) = preSolution
		Debug|Any CPU = Debug|Any CPU
		Release|Any CPU = Release|Any CPU
	EndGlobalSection
	GlobalSection(ProjectConfigurationPlatforms) = postSolution
		{DB47D132-3DC9-476C-9576-7C92A24F8227}.Debug|Any CPU.ActiveCfg = Debug|Any CPU
		{DB47D132-3DC9-476C-9576-7C92A24F8227}.Debug|Any CPU.Build.0 = Debug|Any CPU
		{DB47D132-3DC9-476C-9576-7C92A24F8227}.Release|Any CPU.ActiveCfg = Release|Any CPU
		{DB47D132-3DC9-476C-9576-7C92A24F8227}.Release|Any CPU.Build.0 = Release|Any CPU
		{A5805482-0A3A-4EC7-A118-A3F57A83D3F5}.Debug|Any CPU.ActiveCfg = Debug|Any CPU
		{A5805482-0A3A-4EC7-A118-A3F57A83D3F5}.Debug|Any CPU.Build.0 = Debug|Any CPU
		{A5805482-0A3A-4EC7-A118-A3F57A83D3F5}.Release|Any CPU.ActiveCfg = Release|Any CPU
		{A5805482-0A3A-4EC7-A118-A3F57A83D3F5}.Release|Any CPU.Build.0 = Release|Any CPU
		{1D288A7F-8242-46A9-8181-4783B8985E92}.Debug|Any CPU.ActiveCfg = Debug|Any CPU
		{1D288A7F-8242-46A9-8181-4783B8985E92}.Debug|Any CPU.Build.0 = Debug|Any CPU
		{1D288A7F-8242-46A9-8181-4783B8985E92}.Release|Any CPU.ActiveCfg = Release|Any CPU
		{1D288A7F-8242-46A9-8181-4783B8985E92}.Release|Any CPU.Build.0 = Release|Any CPU
		{3C8978C7-7D46-415B-AFF4-FA7C3B52566C}.Debug|Any CPU.ActiveCfg = Debug|Any CPU
		{3C8978C7-7D46-415B-AFF4-FA7C3B52566C}.Debug|Any CPU.Build.0 = Debug|Any CPU
		{3C8978C7-7D46-415B-AFF4-FA7C3B52566C}.Release|Any CPU.ActiveCfg = Release|Any CPU
		{3C8978C7-7D46-415B-AFF4-FA7C3B52566C}.Release|Any CPU.Build.0 = Release|Any CPU
		{CA49D4FE-71CB-4100-BC5D-5FFFA08ED789}.Debug|Any CPU.ActiveCfg = Debug|Any CPU
		{CA49D4FE-71CB-4100-BC5D-5FFFA08ED789}.Debug|Any CPU.Build.0 = Debug|Any CPU
		{CA49D4FE-71CB-4100-BC5D-5FFFA08ED789}.Release|Any CPU.ActiveCfg = Release|Any CPU
		{CA49D4FE-71CB-4100-BC5D-5FFFA08ED789}.Release|Any CPU.Build.0 = Release|Any CPU
		{12AB969E-EA44-46A0-B3CE-F914327D55A4}.Debug|Any CPU.ActiveCfg = Debug|Any CPU
		{12AB969E-EA44-46A0-B3CE-F914327D55A4}.Debug|Any CPU.Build.0 = Debug|Any CPU
		{12AB969E-EA44-46A0-B3CE-F914327D55A4}.Release|Any CPU.ActiveCfg = Release|Any CPU
		{12AB969E-EA44-46A0-B3CE-F914327D55A4}.Release|Any CPU.Build.0 = Release|Any CPU
	EndGlobalSection
	GlobalSection(SolutionProperties) = preSolution
		HideSolutionNode = FALSE
	EndGlobalSection
	GlobalSection(NestedProjects) = preSolution
		{A5805482-0A3A-4EC7-A118-A3F57A83D3F5} = {B986B68D-9D71-4FDF-8CB5-51A341CD46F5}
		{1D288A7F-8242-46A9-8181-4783B8985E92} = {92807850-DD8B-4D5F-939B-A202BCB09A79}
		{3C8978C7-7D46-415B-AFF4-FA7C3B52566C} = {157F9B7D-2588-463A-9C2C-BE22D8534910}
		{CA49D4FE-71CB-4100-BC5D-5FFFA08ED789} = {1FAB0B95-2BD1-4605-86D1-A2DFD0B78255}
		{12AB969E-EA44-46A0-B3CE-F914327D55A4} = {DF3E58C8-8FF0-4398-9AD2-B6050ADBFE7D}
	EndGlobalSection
	GlobalSection(ExtensibilityGlobals) = postSolution
		SolutionGuid = {F2CC79DC-F177-497B-BDEB-487DE4A41219}
	EndGlobalSection
EndGlobal
